Microsoft Visual Studio Solution File, Format Version 12.00
# Visual Studio Version 16
VisualStudioVersion = 16.0.30907.101
MinimumVisualStudioVersion = 10.0.40219.1
Project("{FAE04EC0-301F-11D3-BF4B-00C04F79EFBC}") = "Data", "Data\Data.csproj", "{B97159A8-8257-40FC-BF09-1BF023A3F9B7}"
EndProject
Project("{FAE04EC0-301F-11D3-BF4B-00C04F79EFBC}") = "06 - Dispatcher", "06 - Dispatcher\06 - Dispatcher.csproj", "{5A19E853-06A8-4A65-B3B6-816A46C8B9E9}"
EndProject
Project("{FAE04EC0-301F-11D3-BF4B-00C04F79EFBC}") = "07 - DispatcherTimer", "07 - DispatcherTimer\07 - DispatcherTimer.csproj", "{AE20E054-2E1C-413D-A63E-3746265EEA86}"
EndProject
Project("{FAE04EC0-301F-11D3-BF4B-00C04F79EFBC}") = "10 - Await", "10 - Await\10 - Await.csproj", "{7724D7C5-E88D-48BE-8C7D-C2D33CEE322A}"
EndProject
Project("{FAE04EC0-301F-11D3-BF4B-00C04F79EFBC}") = "11 - Await and Exceptions", "11 - Await and Exceptions\11 - Await and Exceptions.csproj", "{2D27A506-65BE-4AF6-917B-F827C22B6219}"
EndProject
Project("{FAE04EC0-301F-11D3-BF4B-00C04F79EFBC}") = "17 - WPF and Await", "17 - WPF and Await\17 - WPF and Await.csproj", "{D654650F-3E82-4511-BCEE-8825C11B7FFA}"
EndProject
Project("{FAE04EC0-301F-11D3-BF4B-00C04F79EFBC}") = "17 - WPF and Await with Log", "17 - WPF and Await with Log\17 - WPF and Await with Log.csproj", "{2B3E4AED-49EA-472F-85C8-D67CA5DF14CA}"
EndProject
Project("{FAE04EC0-301F-11D3-BF4B-00C04F79EFBC}") = "19 - InvokeAsync", "19 - InvokeAsync\19 - InvokeAsync.csproj", "{6AEC9DA2-4BAD-4D5E-9763-9677DBBD7AAF}"
EndProject
Global
	GlobalSection(SolutionConfigurationPlatforms) = preSolution
		Debug|Any CPU = Debug|Any CPU
		Debug|Mixed Platforms = Debug|Mixed Platforms
		Debug|x86 = Debug|x86
		Release|Any CPU = Release|Any CPU
		Release|Mixed Platforms = Release|Mixed Platforms
		Release|x86 = Release|x86
	EndGlobalSection
	GlobalSection(ProjectConfigurationPlatforms) = postSolution
		{B97159A8-8257-40FC-BF09-1BF023A3F9B7}.Debug|Any CPU.ActiveCfg = Debug|Any CPU
		{B97159A8-8257-40FC-BF09-1BF023A3F9B7}.Debug|Any CPU.Build.0 = Debug|Any CPU
		{B97159A8-8257-40FC-BF09-1BF023A3F9B7}.Debug|Mixed Platforms.ActiveCfg = Debug|Any CPU
		{B97159A8-8257-40FC-BF09-1BF023A3F9B7}.Debug|Mixed Platforms.Build.0 = Debug|Any CPU
		{B97159A8-8257-40FC-BF09-1BF023A3F9B7}.Debug|x86.ActiveCfg = Debug|Any CPU
		{B97159A8-8257-40FC-BF09-1BF023A3F9B7}.Release|Any CPU.ActiveCfg = Release|Any CPU
		{B97159A8-8257-40FC-BF09-1BF023A3F9B7}.Release|Any CPU.Build.0 = Release|Any CPU
		{B97159A8-8257-40FC-BF09-1BF023A3F9B7}.Release|Mixed Platforms.ActiveCfg = Release|Any CPU
		{B97159A8-8257-40FC-BF09-1BF023A3F9B7}.Release|Mixed Platforms.Build.0 = Release|Any CPU
		{B97159A8-8257-40FC-BF09-1BF023A3F9B7}.Release|x86.ActiveCfg = Release|Any CPU
		{5A19E853-06A8-4A65-B3B6-816A46C8B9E9}.Debug|Any CPU.ActiveCfg = Debug|Any CPU
		{5A19E853-06A8-4A65-B3B6-816A46C8B9E9}.Debug|Any CPU.Build.0 = Debug|Any CPU
		{5A19E853-06A8-4A65-B3B6-816A46C8B9E9}.Debug|Mixed Platforms.ActiveCfg = Debug|Any CPU
		{5A19E853-06A8-4A65-B3B6-816A46C8B9E9}.Debug|Mixed Platforms.Build.0 = Debug|Any CPU
		{5A19E853-06A8-4A65-B3B6-816A46C8B9E9}.Debug|x86.ActiveCfg = Debug|Any CPU
		{5A19E853-06A8-4A65-B3B6-816A46C8B9E9}.Debug|x86.Build.0 = Debug|Any CPU
		{5A19E853-06A8-4A65-B3B6-816A46C8B9E9}.Release|Any CPU.ActiveCfg = Release|Any CPU
		{5A19E853-06A8-4A65-B3B6-816A46C8B9E9}.Release|Any CPU.Build.0 = Release|Any CPU
		{5A19E853-06A8-4A65-B3B6-816A46C8B9E9}.Release|Mixed Platforms.ActiveCfg = Release|Any CPU
		{5A19E853-06A8-4A65-B3B6-816A46C8B9E9}.Release|Mixed Platforms.Build.0 = Release|Any CPU
		{5A19E853-06A8-4A65-B3B6-816A46C8B9E9}.Release|x86.ActiveCfg = Release|Any CPU
		{5A19E853-06A8-4A65-B3B6-816A46C8B9E9}.Release|x86.Build.0 = Release|Any CPU
		{AE20E054-2E1C-413D-A63E-3746265EEA86}.Debug|Any CPU.ActiveCfg = Debug|Any CPU
		{AE20E054-2E1C-413D-A63E-3746265EEA86}.Debug|Any CPU.Build.0 = Debug|Any CPU
		{AE20E054-2E1C-413D-A63E-3746265EEA86}.Debug|Mixed Platforms.ActiveCfg = Debug|Any CPU
		{AE20E054-2E1C-413D-A63E-3746265EEA86}.Debug|Mixed Platforms.Build.0 = Debug|Any CPU
		{AE20E054-2E1C-413D-A63E-3746265EEA86}.Debug|x86.ActiveCfg = Debug|Any CPU
		{AE20E054-2E1C-413D-A63E-3746265EEA86}.Debug|x86.Build.0 = Debug|Any CPU
		{AE20E054-2E1C-413D-A63E-3746265EEA86}.Release|Any CPU.ActiveCfg = Release|Any CPU
		{AE20E054-2E1C-413D-A63E-3746265EEA86}.Release|Any CPU.Build.0 = Release|Any CPU
		{AE20E054-2E1C-413D-A63E-3746265EEA86}.Release|Mixed Platforms.ActiveCfg = Release|Any CPU
		{AE20E054-2E1C-413D-A63E-3746265EEA86}.Release|Mixed Platforms.Build.0 = Release|Any CPU
		{AE20E054-2E1C-413D-A63E-3746265EEA86}.Release|x86.ActiveCfg = Release|Any CPU
		{AE20E054-2E1C-413D-A63E-3746265EEA86}.Release|x86.Build.0 = Release|Any CPU
		{7724D7C5-E88D-48BE-8C7D-C2D33CEE322A}.Debug|Any CPU.ActiveCfg = Debug|Any CPU
		{7724D7C5-E88D-48BE-8C7D-C2D33CEE322A}.Debug|Any CPU.Build.0 = Debug|Any CPU
		{7724D7C5-E88D-48BE-8C7D-C2D33CEE322A}.Debug|Mixed Platforms.ActiveCfg = Debug|Any CPU
		{7724D7C5-E88D-48BE-8C7D-C2D33CEE322A}.Debug|Mixed Platforms.Build.0 = Debug|Any CPU
		{7724D7C5-E88D-48BE-8C7D-C2D33CEE322A}.Debug|x86.ActiveCfg = Debug|Any CPU
		{7724D7C5-E88D-48BE-8C7D-C2D33CEE322A}.Debug|x86.Build.0 = Debug|Any CPU
		{7724D7C5-E88D-48BE-8C7D-C2D33CEE322A}.Release|Any CPU.ActiveCfg = Release|Any CPU
		{7724D7C5-E88D-48BE-8C7D-C2D33CEE322A}.Release|Any CPU.Build.0 = Release|Any CPU
		{7724D7C5-E88D-48BE-8C7D-C2D33CEE322A}.Release|Mixed Platforms.ActiveCfg = Release|Any CPU
		{7724D7C5-E88D-48BE-8C7D-C2D33CEE322A}.Release|Mixed Platforms.Build.0 = Release|Any CPU
		{7724D7C5-E88D-48BE-8C7D-C2D33CEE322A}.Release|x86.ActiveCfg = Release|Any CPU
		{7724D7C5-E88D-48BE-8C7D-C2D33CEE322A}.Release|x86.Build.0 = Release|Any CPU
		{2D27A506-65BE-4AF6-917B-F827C22B6219}.Debug|Any CPU.ActiveCfg = Debug|Any CPU
		{2D27A506-65BE-4AF6-917B-F827C22B6219}.Debug|Any CPU.Build.0 = Debug|Any CPU
		{2D27A506-65BE-4AF6-917B-F827C22B6219}.Debug|Mixed Platforms.ActiveCfg = Debug|Any CPU
		{2D27A506-65BE-4AF6-917B-F827C22B6219}.Debug|Mixed Platforms.Build.0 = Debug|Any CPU
		{2D27A506-65BE-4AF6-917B-F827C22B6219}.Debug|x86.ActiveCfg = Debug|Any CPU
		{2D27A506-65BE-4AF6-917B-F827C22B6219}.Debug|x86.Build.0 = Debug|Any CPU
		{2D27A506-65BE-4AF6-917B-F827C22B6219}.Release|Any CPU.ActiveCfg = Release|Any CPU
		{2D27A506-65BE-4AF6-917B-F827C22B6219}.Release|Any CPU.Build.0 = Release|Any CPU
		{2D27A506-65BE-4AF6-917B-F827C22B6219}.Release|Mixed Platforms.ActiveCfg = Release|Any CPU
		{2D27A506-65BE-4AF6-917B-F827C22B6219}.Release|Mixed Platforms.Build.0 = Release|Any CPU
		{2D27A506-65BE-4AF6-917B-F827C22B6219}.Release|x86.ActiveCfg = Release|Any CPU
		{2D27A506-65BE-4AF6-917B-F827C22B6219}.Release|x86.Build.0 = Release|Any CPU
		{D654650F-3E82-4511-BCEE-8825C11B7FFA}.Debug|Any CPU.ActiveCfg = Debug|Any CPU
		{D654650F-3E82-4511-BCEE-8825C11B7FFA}.Debug|Any CPU.Build.0 = Debug|Any CPU
		{D654650F-3E82-4511-BCEE-8825C11B7FFA}.Debug|Mixed Platforms.ActiveCfg = Debug|Any CPU
		{D654650F-3E82-4511-BCEE-8825C11B7FFA}.Debug|Mixed Platforms.Build.0 = Debug|Any CPU
		{D654650F-3E82-4511-BCEE-8825C11B7FFA}.Debug|x86.ActiveCfg = Debug|Any CPU
		{D654650F-3E82-4511-BCEE-8825C11B7FFA}.Debug|x86.Build.0 = Debug|Any CPU
		{D654650F-3E82-4511-BCEE-8825C11B7FFA}.Release|Any CPU.ActiveCfg = Release|Any CPU
		{D654650F-3E82-4511-BCEE-8825C11B7FFA}.Release|Any CPU.Build.0 = Release|Any CPU
		{D654650F-3E82-4511-BCEE-8825C11B7FFA}.Release|Mixed Platforms.ActiveCfg = Release|Any CPU
		{D654650F-3E82-4511-BCEE-8825C11B7FFA}.Release|Mixed Platforms.Build.0 = Release|Any CPU
		{D654650F-3E82-4511-BCEE-8825C11B7FFA}.Release|x86.ActiveCfg = Release|Any CPU
		{D654650F-3E82-4511-BCEE-8825C11B7FFA}.Release|x86.Build.0 = Release|Any CPU
		{2B3E4AED-49EA-472F-85C8-D67CA5DF14CA}.Debug|Any CPU.ActiveCfg = Debug|Any CPU
		{2B3E4AED-49EA-472F-85C8-D67CA5DF14CA}.Debug|Any CPU.Build.0 = Debug|Any CPU
		{2B3E4AED-49EA-472F-85C8-D67CA5DF14CA}.Debug|Mixed Platforms.ActiveCfg = Debug|Any CPU
		{2B3E4AED-49EA-472F-85C8-D67CA5DF14CA}.Debug|Mixed Platforms.Build.0 = Debug|Any CPU
		{2B3E4AED-49EA-472F-85C8-D67CA5DF14CA}.Debug|x86.ActiveCfg = Debug|Any CPU
		{2B3E4AED-49EA-472F-85C8-D67CA5DF14CA}.Debug|x86.Build.0 = Debug|Any CPU
		{2B3E4AED-49EA-472F-85C8-D67CA5DF14CA}.Release|Any CPU.ActiveCfg = Release|Any CPU
		{2B3E4AED-49EA-472F-85C8-D67CA5DF14CA}.Release|Any CPU.Build.0 = Release|Any CPU
		{2B3E4AED-49EA-472F-85C8-D67CA5DF14CA}.Release|Mixed Platforms.ActiveCfg = Release|Any CPU
		{2B3E4AED-49EA-472F-85C8-D67CA5DF14CA}.Release|Mixed Platforms.Build.0 = Release|Any CPU
		{2B3E4AED-49EA-472F-85C8-D67CA5DF14CA}.Release|x86.ActiveCfg = Release|Any CPU
		{2B3E4AED-49EA-472F-85C8-D67CA5DF14CA}.Release|x86.Build.0 = Release|Any CPU
		{6AEC9DA2-4BAD-4D5E-9763-9677DBBD7AAF}.Debug|Any CPU.ActiveCfg = Debug|Any CPU
		{6AEC9DA2-4BAD-4D5E-9763-9677DBBD7AAF}.Debug|Any CPU.Build.0 = Debug|Any CPU
		{6AEC9DA2-4BAD-4D5E-9763-9677DBBD7AAF}.Debug|Mixed Platforms.ActiveCfg = Debug|Any CPU
		{6AEC9DA2-4BAD-4D5E-9763-9677DBBD7AAF}.Debug|Mixed Platforms.Build.0 = Debug|Any CPU
		{6AEC9DA2-4BAD-4D5E-9763-9677DBBD7AAF}.Debug|x86.ActiveCfg = Debug|Any CPU
		{6AEC9DA2-4BAD-4D5E-9763-9677DBBD7AAF}.Debug|x86.Build.0 = Debug|Any CPU
		{6AEC9DA2-4BAD-4D5E-9763-9677DBBD7AAF}.Release|Any CPU.ActiveCfg = Release|Any CPU
		{6AEC9DA2-4BAD-4D5E-9763-9677DBBD7AAF}.Release|Any CPU.Build.0 = Release|Any CPU
		{6AEC9DA2-4BAD-4D5E-9763-9677DBBD7AAF}.Release|Mixed Platforms.ActiveCfg = Release|Any CPU
		{6AEC9DA2-4BAD-4D5E-9763-9677DBBD7AAF}.Release|Mixed Platforms.Build.0 = Release|Any CPU
		{6AEC9DA2-4BAD-4D5E-9763-9677DBBD7AAF}.Release|x86.ActiveCfg = Release|Any CPU
		{6AEC9DA2-4BAD-4D5E-9763-9677DBBD7AAF}.Release|x86.Build.0 = Release|Any CPU
	EndGlobalSection
	GlobalSection(SolutionProperties) = preSolution
		HideSolutionNode = FALSE
	EndGlobalSection
	GlobalSection(ExtensibilityGlobals) = postSolution
		SolutionGuid = {9D69B117-591D-4D12-9F19-6E06676A1149}
	EndGlobalSection
EndGlobal
